
Microsoft Visual Studio Solution File, Format Version 12.00
# Visual Studio 15
VisualStudioVersion = 15.0.27004.2005
MinimumVisualStudioVersion = 10.0.40219.1
Project("{9A19103F-16F7-4668-BE54-9A1E7A4F7556}") = "StatlerWaldorfCorp.TeamService", "src\StatlerWaldorfCorp.TeamService\StatlerWaldorfCorp.TeamService.csproj", "{C96420F4-6B3E-41E6-95FA-FD7D2D6C10BC}"
EndProject
Project("{2150E333-8FDC-42A3-9474-1A3956D46DE8}") = "src", "src", "{F7854E6F-4CB7-473D-A6CA-3E954F43668C}"
EndProject
Project("{E53339B2-1760-4266-BCC7-CA923CBCF16C}") = "docker-compose", "docker-compose.dcproj", "{6FBCB473-F123-4B93-BA9A-04D931D378CB}"
EndProject
Project("{9A19103F-16F7-4668-BE54-9A1E7A4F7556}") = "StatlerWaldorfCorp.LocationService", "src\StatlerWaldorfCorp.LocationService\StatlerWaldorfCorp.LocationService.csproj", "{C640DC2A-813B-4F2A-9E80-B0D360CF95BE}"
EndProject
Project("{FAE04EC0-301F-11D3-BF4B-00C04F79EFBC}") = "StatlerWaldorfCorp.LocationReporter", "src\StatlerWaldorfCorp.LocationReporter\StatlerWaldorfCorp.LocationReporter.csproj", "{05686F2E-C13B-45BF-B246-71A6C4D3A6BB}"
EndProject
Global
	GlobalSection(SolutionConfigurationPlatforms) = preSolution
		Debug|Any CPU = Debug|Any CPU
		Release|Any CPU = Release|Any CPU
	EndGlobalSection
	GlobalSection(ProjectConfigurationPlatforms) = postSolution
		{C96420F4-6B3E-41E6-95FA-FD7D2D6C10BC}.Debug|Any CPU.ActiveCfg = Debug|Any CPU
		{C96420F4-6B3E-41E6-95FA-FD7D2D6C10BC}.Debug|Any CPU.Build.0 = Debug|Any CPU
		{C96420F4-6B3E-41E6-95FA-FD7D2D6C10BC}.Release|Any CPU.ActiveCfg = Release|Any CPU
		{C96420F4-6B3E-41E6-95FA-FD7D2D6C10BC}.Release|Any CPU.Build.0 = Release|Any CPU
		{6FBCB473-F123-4B93-BA9A-04D931D378CB}.Debug|Any CPU.ActiveCfg = Debug|Any CPU
		{6FBCB473-F123-4B93-BA9A-04D931D378CB}.Debug|Any CPU.Build.0 = Debug|Any CPU
		{6FBCB473-F123-4B93-BA9A-04D931D378CB}.Release|Any CPU.ActiveCfg = Release|Any CPU
		{6FBCB473-F123-4B93-BA9A-04D931D378CB}.Release|Any CPU.Build.0 = Release|Any CPU
		{C640DC2A-813B-4F2A-9E80-B0D360CF95BE}.Debug|Any CPU.ActiveCfg = Debug|Any CPU
		{C640DC2A-813B-4F2A-9E80-B0D360CF95BE}.Debug|Any CPU.Build.0 = Debug|Any CPU
		{C640DC2A-813B-4F2A-9E80-B0D360CF95BE}.Release|Any CPU.ActiveCfg = Release|Any CPU
		{C640DC2A-813B-4F2A-9E80-B0D360CF95BE}.Release|Any CPU.Build.0 = Release|Any CPU
		{05686F2E-C13B-45BF-B246-71A6C4D3A6BB}.Debug|Any CPU.ActiveCfg = Debug|Any CPU
		{05686F2E-C13B-45BF-B246-71A6C4D3A6BB}.Debug|Any CPU.Build.0 = Debug|Any CPU
		{05686F2E-C13B-45BF-B246-71A6C4D3A6BB}.Release|Any CPU.ActiveCfg = Release|Any CPU
		{05686F2E-C13B-45BF-B246-71A6C4D3A6BB}.Release|Any CPU.Build.0 = Release|Any CPU
	EndGlobalSection
	GlobalSection(SolutionProperties) = preSolution
		HideSolutionNode = FALSE
	EndGlobalSection
	GlobalSection(NestedProjects) = preSolution
		{C96420F4-6B3E-41E6-95FA-FD7D2D6C10BC} = {F7854E6F-4CB7-473D-A6CA-3E954F43668C}
		{C640DC2A-813B-4F2A-9E80-B0D360CF95BE} = {F7854E6F-4CB7-473D-A6CA-3E954F43668C}
		{05686F2E-C13B-45BF-B246-71A6C4D3A6BB} = {F7854E6F-4CB7-473D-A6CA-3E954F43668C}
	EndGlobalSection
	GlobalSection(ExtensibilityGlobals) = postSolution
		SolutionGuid = {E06213E8-C95B-4A13-8B2B-B13C97A6F0E4}
	EndGlobalSection
EndGlobal
